
Microsoft Visual Studio Solution File, Format Version 12.00
# Visual Studio Version 17
VisualStudioVersion = 17.9.34616.47
MinimumVisualStudioVersion = 10.0.40219.1
Project("{FAE04EC0-301F-11D3-BF4B-00C04F79EFBC}") = "PROYECTOFINALPROGRA1", "PROYECTOFINALPROGRA1.csproj", "{5D2182BF-DCE9-4CFF-B3CB-6A8CBE11FC0F}"
EndProject
Global
	GlobalSection(SolutionConfigurationPlatforms) = preSolution
		Debug|Any CPU = Debug|Any CPU
		Release|Any CPU = Release|Any CPU
	EndGlobalSection
	GlobalSection(ProjectConfigurationPlatforms) = postSolution
		{5D2182BF-DCE9-4CFF-B3CB-6A8CBE11FC0F}.Debug|Any CPU.ActiveCfg = Debug|Any CPU
		{5D2182BF-DCE9-4CFF-B3CB-6A8CBE11FC0F}.Debug|Any CPU.Build.0 = Debug|Any CPU
		{5D2182BF-DCE9-4CFF-B3CB-6A8CBE11FC0F}.Release|Any CPU.ActiveCfg = Release|Any CPU
		{5D2182BF-DCE9-4CFF-B3CB-6A8CBE11FC0F}.Release|Any CPU.Build.0 = Release|Any CPU
	EndGlobalSection
	GlobalSection(SolutionProperties) = preSolution
		HideSolutionNode = FALSE
	EndGlobalSection
	GlobalSection(ExtensibilityGlobals) = postSolution
		SolutionGuid = {047BEC19-D253-431A-8140-E78024E41100}
	EndGlobalSection
EndGlobal
